// !$*UTF8*$!
{
	archiveVersion = 1;
	classes = {
	};
	objectVersion = 48;
	objects = {

/* Begin PBXBuildFile section */
		27F51EFB2022B734001085B2 /* AppDelegate.m in Sources */ = {isa = PBXBuildFile; fileRef = 27F51EFA2022B734001085B2 /* AppDelegate.m */; };
		27F51F032022B734001085B2 /* Assets.xcassets in Resources */ = {isa = PBXBuildFile; fileRef = 27F51F022022B734001085B2 /* Assets.xcassets */; };
		27F51F062022B734001085B2 /* LaunchScreen.storyboard in Resources */ = {isa = PBXBuildFile; fileRef = 27F51F042022B734001085B2 /* LaunchScreen.storyboard */; };
		27F51F092022B735001085B2 /* main.m in Sources */ = {isa = PBXBuildFile; fileRef = 27F51F082022B735001085B2 /* main.m */; };
		27F51F132022B735001085B2 /* AntwiceTests.m in Sources */ = {isa = PBXBuildFile; fileRef = 27F51F122022B735001085B2 /* AntwiceTests.m */; };
		27F51F1E2022B736001085B2 /* AntwiceUITests.m in Sources */ = {isa = PBXBuildFile; fileRef = 27F51F1D2022B736001085B2 /* AntwiceUITests.m */; };
		27F51F2D2022BE0B001085B2 /* RootViewController.m in Sources */ = {isa = PBXBuildFile; fileRef = 27F51F2C2022BE0B001085B2 /* RootViewController.m */; };
		27F51F382022DC8B001085B2 /* AppDelegate+PushService.m in Sources */ = {isa = PBXBuildFile; fileRef = 27F51F372022DC8B001085B2 /* AppDelegate+PushService.m */; };
		27F51F3B2022E5DF001085B2 /* AntNetworkRequest.m in Sources */ = {isa = PBXBuildFile; fileRef = 27F51F3A2022E5DF001085B2 /* AntNetworkRequest.m */; };
		27F51F3E20230ACA001085B2 /* AntNetworkCache.m in Sources */ = {isa = PBXBuildFile; fileRef = 27F51F3D20230ACA001085B2 /* AntNetworkCache.m */; };
		27F51F4120231B43001085B2 /* AntNetworkManager.m in Sources */ = {isa = PBXBuildFile; fileRef = 27F51F4020231B43001085B2 /* AntNetworkManager.m */; };
		99BEF66BCC155CD0164C3197 /* libPods-Antwice.a in Frameworks */ = {isa = PBXBuildFile; fileRef = 12A4D47DD8FBFD4687DFAB27 /* libPods-Antwice.a */; };
/* End PBXBuildFile section */

/* Begin PBXContainerItemProxy section */
		27F51F0F2022B735001085B2 /* PBXContainerItemProxy */ = {
			isa = PBXContainerItemProxy;
			containerPortal = 27F51EEE2022B731001085B2 /* Project object */;
			proxyType = 1;
			remoteGlobalIDString = 27F51EF52022B732001085B2;
			remoteInfo = Antwice;
		};
		27F51F1A2022B735001085B2 /* PBXContainerItemProxy */ = {
			isa = PBXContainerItemProxy;
			containerPortal = 27F51EEE2022B731001085B2 /* Project object */;
			proxyType = 1;
			remoteGlobalIDString = 27F51EF52022B732001085B2;
			remoteInfo = Antwice;
		};
/* End PBXContainerItemProxy section */

/* Begin PBXFileReference section */
		12A4D47DD8FBFD4687DFAB27 /* libPods-Antwice.a */ = {isa = PBXFileReference; explicitFileType = archive.ar; includeInIndex = 0; path = "libPods-Antwice.a"; sourceTree = BUILT_PRODUCTS_DIR; };
		1FFACD80D2D603E1D0C26C37 /* Pods-Antwice.debug.xcconfig */ = {isa = PBXFileReference; includeInIndex = 1; lastKnownFileType = text.xcconfig; name = "Pods-Antwice.debug.xcconfig"; path = "Pods/Target Support Files/Pods-Antwice/Pods-Antwice.debug.xcconfig"; sourceTree = "<group>"; };
		27F51EF62022B733001085B2 /* Antwice.app */ = {isa = PBXFileReference; explicitFileType = wrapper.application; includeInIndex = 0; path = Antwice.app; sourceTree = BUILT_PRODUCTS_DIR; };
		27F51EF92022B734001085B2 /* AppDelegate.h */ = {isa = PBXFileReference; lastKnownFileType = sourcecode.c.h; path = AppDelegate.h; sourceTree = "<group>"; };
		27F51EFA2022B734001085B2 /* AppDelegate.m */ = {isa = PBXFileReference; lastKnownFileType = sourcecode.c.objc; path = AppDelegate.m; sourceTree = "<group>"; };
		27F51F022022B734001085B2 /* Assets.xcassets */ = {isa = PBXFileReference; lastKnownFileType = folder.assetcatalog; path = Assets.xcassets; sourceTree = "<group>"; };
		27F51F052022B734001085B2 /* Base */ = {isa = PBXFileReference; lastKnownFileType = file.storyboard; name = Base; path = Base.lproj/LaunchScreen.storyboard; sourceTree = "<group>"; };
		27F51F072022B734001085B2 /* Info.plist */ = {isa = PBXFileReference; lastKnownFileType = text.plist.xml; path = Info.plist; sourceTree = "<group>"; };
		27F51F082022B735001085B2 /* main.m */ = {isa = PBXFileReference; lastKnownFileType = sourcecode.c.objc; path = main.m; sourceTree = "<group>"; };
		27F51F0E2022B735001085B2 /* AntwiceTests.xctest */ = {isa = PBXFileReference; explicitFileType = wrapper.cfbundle; includeInIndex = 0; path = AntwiceTests.xctest; sourceTree = BUILT_PRODUCTS_DIR; };
		27F51F122022B735001085B2 /* AntwiceTests.m */ = {isa = PBXFileReference; lastKnownFileType = sourcecode.c.objc; path = AntwiceTests.m; sourceTree = "<group>"; };
		27F51F142022B735001085B2 /* Info.plist */ = {isa = PBXFileReference; lastKnownFileType = text.plist.xml; path = Info.plist; sourceTree = "<group>"; };
		27F51F192022B735001085B2 /* AntwiceUITests.xctest */ = {isa = PBXFileReference; explicitFileType = wrapper.cfbundle; includeInIndex = 0; path = AntwiceUITests.xctest; sourceTree = BUILT_PRODUCTS_DIR; };
		27F51F1D2022B736001085B2 /* AntwiceUITests.m */ = {isa = PBXFileReference; lastKnownFileType = sourcecode.c.objc; path = AntwiceUITests.m; sourceTree = "<group>"; };
		27F51F1F2022B736001085B2 /* Info.plist */ = {isa = PBXFileReference; lastKnownFileType = text.plist.xml; path = Info.plist; sourceTree = "<group>"; };
		27F51F2B2022BE0B001085B2 /* RootViewController.h */ = {isa = PBXFileReference; lastKnownFileType = sourcecode.c.h; path = RootViewController.h; sourceTree = "<group>"; };
		27F51F2C2022BE0B001085B2 /* RootViewController.m */ = {isa = PBXFileReference; lastKnownFileType = sourcecode.c.objc; path = RootViewController.m; sourceTree = "<group>"; };
		27F51F362022DC8B001085B2 /* AppDelegate+PushService.h */ = {isa = PBXFileReference; lastKnownFileType = sourcecode.c.h; path = "AppDelegate+PushService.h"; sourceTree = "<group>"; };
		27F51F372022DC8B001085B2 /* AppDelegate+PushService.m */ = {isa = PBXFileReference; lastKnownFileType = sourcecode.c.objc; path = "AppDelegate+PushService.m"; sourceTree = "<group>"; };
		27F51F392022E5DF001085B2 /* AntNetworkRequest.h */ = {isa = PBXFileReference; lastKnownFileType = sourcecode.c.h; path = AntNetworkRequest.h; sourceTree = "<group>"; };
		27F51F3A2022E5DF001085B2 /* AntNetworkRequest.m */ = {isa = PBXFileReference; lastKnownFileType = sourcecode.c.objc; path = AntNetworkRequest.m; sourceTree = "<group>"; };
		27F51F3C20230ACA001085B2 /* AntNetworkCache.h */ = {isa = PBXFileReference; lastKnownFileType = sourcecode.c.h; path = AntNetworkCache.h; sourceTree = "<group>"; };
		27F51F3D20230ACA001085B2 /* AntNetworkCache.m */ = {isa = PBXFileReference; lastKnownFileType = sourcecode.c.objc; path = AntNetworkCache.m; sourceTree = "<group>"; };
		27F51F3F20231B43001085B2 /* AntNetworkManager.h */ = {isa = PBXFileReference; lastKnownFileType = sourcecode.c.h; path = AntNetworkManager.h; sourceTree = "<group>"; };
		27F51F4020231B43001085B2 /* AntNetworkManager.m */ = {isa = PBXFileReference; lastKnownFileType = sourcecode.c.objc; path = AntNetworkManager.m; sourceTree = "<group>"; };
		27F51F452023209B001085B2 /* AntNetworkUrl.h */ = {isa = PBXFileReference; lastKnownFileType = sourcecode.c.h; path = AntNetworkUrl.h; sourceTree = "<group>"; };
		33843550F1407BB5EC88B478 /* Pods-Antwice.release.xcconfig */ = {isa = PBXFileReference; includeInIndex = 1; lastKnownFileType = text.xcconfig; name = "Pods-Antwice.release.xcconfig"; path = "Pods/Target Support Files/Pods-Antwice/Pods-Antwice.release.xcconfig"; sourceTree = "<group>"; };
/* End PBXFileReference section */

/* Begin PBXFrameworksBuildPhase section */
		27F51EF32022B732001085B2 /* Frameworks */ = {
			isa = PBXFrameworksBuildPhase;
			buildActionMask = 2147483647;
			files = (
				99BEF66BCC155CD0164C3197 /* libPods-Antwice.a in Frameworks */,
			);
			runOnlyForDeploymentPostprocessing = 0;
		};
		27F51F0B2022B735001085B2 /* Frameworks */ = {
			isa = PBXFrameworksBuildPhase;
			buildActionMask = 2147483647;
			files = (
			);
			runOnlyForDeploymentPostprocessing = 0;
		};
		27F51F162022B735001085B2 /* Frameworks */ = {
			isa = PBXFrameworksBuildPhase;
			buildActionMask = 2147483647;
			files = (
			);
			runOnlyForDeploymentPostprocessing = 0;
		};
/* End PBXFrameworksBuildPhase section */

/* Begin PBXGroup section */
		27F51EED2022B730001085B2 = {
			isa = PBXGroup;
			children = (
				27F51EF82022B733001085B2 /* Antwice */,
				27F51F112022B735001085B2 /* AntwiceTests */,
				27F51F1C2022B735001085B2 /* AntwiceUITests */,
				27F51EF72022B733001085B2 /* Products */,
				294D25EDE70F929162CB08C4 /* Pods */,
				72CFFAD899C99991D2912E8B /* Frameworks */,
			);
			sourceTree = "<group>";
		};
		27F51EF72022B733001085B2 /* Products */ = {
			isa = PBXGroup;
			children = (
				27F51EF62022B733001085B2 /* Antwice.app */,
				27F51F0E2022B735001085B2 /* AntwiceTests.xctest */,
				27F51F192022B735001085B2 /* AntwiceUITests.xctest */,
			);
			name = Products;
			sourceTree = "<group>";
		};
		27F51EF82022B733001085B2 /* Antwice */ = {
			isa = PBXGroup;
			children = (
				27F51F2E2022C0C2001085B2 /* AppDelegate(应用入口) */,
				27F51F2F2022C0D4001085B2 /* Modules(功能模块) */,
				27F51F302022C0E2001085B2 /* Manager(管理模块) */,
				27F51F312022C104001085B2 /* Utils(工具类) */,
				27F51F332022C12D001085B2 /* ThridParty(第三方库) */,
				27F51F322022C11E001085B2 /* Base(基类) */,
				27F51F342022C139001085B2 /* Define(全局宏定义) */,
				27F51F352022C146001085B2 /* Resource(资源文件夹) */,
				27F51F2B2022BE0B001085B2 /* RootViewController.h */,
				27F51F2C2022BE0B001085B2 /* RootViewController.m */,
				27F51F022022B734001085B2 /* Assets.xcassets */,
				27F51F042022B734001085B2 /* LaunchScreen.storyboard */,
				27F51F072022B734001085B2 /* Info.plist */,
				27F51F082022B735001085B2 /* main.m */,
			);
			path = Antwice;
			sourceTree = "<group>";
		};
		27F51F112022B735001085B2 /* AntwiceTests */ = {
			isa = PBXGroup;
			children = (
				27F51F122022B735001085B2 /* AntwiceTests.m */,
				27F51F142022B735001085B2 /* Info.plist */,
			);
			path = AntwiceTests;
			sourceTree = "<group>";
		};
		27F51F1C2022B735001085B2 /* AntwiceUITests */ = {
			isa = PBXGroup;
			children = (
				27F51F1D2022B736001085B2 /* AntwiceUITests.m */,
				27F51F1F2022B736001085B2 /* Info.plist */,
			);
			path = AntwiceUITests;
			sourceTree = "<group>";
		};
		27F51F2E2022C0C2001085B2 /* AppDelegate(应用入口) */ = {
			isa = PBXGroup;
			children = (
				27F51EF92022B734001085B2 /* AppDelegate.h */,
				27F51EFA2022B734001085B2 /* AppDelegate.m */,
				27F51F362022DC8B001085B2 /* AppDelegate+PushService.h */,
				27F51F372022DC8B001085B2 /* AppDelegate+PushService.m */,
			);
			path = "AppDelegate(应用入口)";
			sourceTree = "<group>";
		};
		27F51F2F2022C0D4001085B2 /* Modules(功能模块) */ = {
			isa = PBXGroup;
			children = (
			);
			path = "Modules(功能模块)";
			sourceTree = "<group>";
		};
		27F51F302022C0E2001085B2 /* Manager(管理模块) */ = {
			isa = PBXGroup;
			children = (
			);
			path = "Manager(管理模块)";
			sourceTree = "<group>";
		};
		27F51F312022C104001085B2 /* Utils(工具类) */ = {
			isa = PBXGroup;
			children = (
				27F51F4620232272001085B2 /* Network */,
			);
			path = "Utils(工具类)";
			sourceTree = "<group>";
		};
		27F51F322022C11E001085B2 /* Base(基类) */ = {
			isa = PBXGroup;
			children = (
			);
			path = "Base(基类)";
			sourceTree = "<group>";
		};
		27F51F332022C12D001085B2 /* ThridParty(第三方库) */ = {
			isa = PBXGroup;
			children = (
			);
			path = "ThridParty(第三方库)";
			sourceTree = "<group>";
		};
		27F51F342022C139001085B2 /* Define(全局宏定义) */ = {
			isa = PBXGroup;
			children = (
			);
			path = "Define(全局宏定义)";
			sourceTree = "<group>";
		};
		27F51F352022C146001085B2 /* Resource(资源文件夹) */ = {
			isa = PBXGroup;
			children = (
			);
			path = "Resource(资源文件夹)";
			sourceTree = "<group>";
		};
		27F51F4620232272001085B2 /* Network */ = {
			isa = PBXGroup;
			children = (
				27F51F392022E5DF001085B2 /* AntNetworkRequest.h */,
				27F51F3A2022E5DF001085B2 /* AntNetworkRequest.m */,
				27F51F3C20230ACA001085B2 /* AntNetworkCache.h */,
				27F51F3D20230ACA001085B2 /* AntNetworkCache.m */,
				27F51F3F20231B43001085B2 /* AntNetworkManager.h */,
				27F51F4020231B43001085B2 /* AntNetworkManager.m */,
				27F51F452023209B001085B2 /* AntNetworkUrl.h */,
			);
			path = Network;
			sourceTree = "<group>";
		};
		294D25EDE70F929162CB08C4 /* Pods */ = {
			isa = PBXGroup;
			children = (
				1FFACD80D2D603E1D0C26C37 /* Pods-Antwice.debug.xcconfig */,
				33843550F1407BB5EC88B478 /* Pods-Antwice.release.xcconfig */,
			);
			name = Pods;
			sourceTree = "<group>";
		};
		72CFFAD899C99991D2912E8B /* Frameworks */ = {
			isa = PBXGroup;
			children = (
				12A4D47DD8FBFD4687DFAB27 /* libPods-Antwice.a */,
			);
			name = Frameworks;
			sourceTree = "<group>";
		};
/* End PBXGroup section */

/* Begin PBXNativeTarget section */
		27F51EF52022B732001085B2 /* Antwice */ = {
			isa = PBXNativeTarget;
			buildConfigurationList = 27F51F222022B736001085B2 /* Build configuration list for PBXNativeTarget "Antwice" */;
			buildPhases = (
				27F29227E65E7411EC0E6908 /* [CP] Check Pods Manifest.lock */,
				27F51EF22022B732001085B2 /* Sources */,
				27F51EF32022B732001085B2 /* Frameworks */,
				27F51EF42022B732001085B2 /* Resources */,
				32FF40CF4A72B8371D1F4124 /* [CP] Embed Pods Frameworks */,
				41697837FC02854017DE2DED /* [CP] Copy Pods Resources */,
			);
			buildRules = (
			);
			dependencies = (
			);
			name = Antwice;
			productName = Antwice;
			productReference = 27F51EF62022B733001085B2 /* Antwice.app */;
			productType = "com.apple.product-type.application";
		};
		27F51F0D2022B735001085B2 /* AntwiceTests */ = {
			isa = PBXNativeTarget;
			buildConfigurationList = 27F51F252022B736001085B2 /* Build configuration list for PBXNativeTarget "AntwiceTests" */;
			buildPhases = (
				27F51F0A2022B735001085B2 /* Sources */,
				27F51F0B2022B735001085B2 /* Frameworks */,
				27F51F0C2022B735001085B2 /* Resources */,
			);
			buildRules = (
			);
			dependencies = (
				27F51F102022B735001085B2 /* PBXTargetDependency */,
			);
			name = AntwiceTests;
			productName = AntwiceTests;
			productReference = 27F51F0E2022B735001085B2 /* AntwiceTests.xctest */;
			productType = "com.apple.product-type.bundle.unit-test";
		};
		27F51F182022B735001085B2 /* AntwiceUITests */ = {
			isa = PBXNativeTarget;
			buildConfigurationList = 27F51F282022B736001085B2 /* Build configuration list for PBXNativeTarget "AntwiceUITests" */;
			buildPhases = (
				27F51F152022B735001085B2 /* Sources */,
				27F51F162022B735001085B2 /* Frameworks */,
				27F51F172022B735001085B2 /* Resources */,
			);
			buildRules = (
			);
			dependencies = (
				27F51F1B2022B735001085B2 /* PBXTargetDependency */,
			);
			name = AntwiceUITests;
			productName = AntwiceUITests;
			productReference = 27F51F192022B735001085B2 /* AntwiceUITests.xctest */;
			productType = "com.apple.product-type.bundle.ui-testing";
		};
/* End PBXNativeTarget section */

/* Begin PBXProject section */
		27F51EEE2022B731001085B2 /* Project object */ = {
			isa = PBXProject;
			attributes = {
				LastUpgradeCheck = 0920;
				ORGANIZATIONNAME = HCY;
				TargetAttributes = {
					27F51EF52022B732001085B2 = {
						CreatedOnToolsVersion = 9.2;
						ProvisioningStyle = Automatic;
					};
					27F51F0D2022B735001085B2 = {
						CreatedOnToolsVersion = 9.2;
						ProvisioningStyle = Automatic;
						TestTargetID = 27F51EF52022B732001085B2;
					};
					27F51F182022B735001085B2 = {
						CreatedOnToolsVersion = 9.2;
						ProvisioningStyle = Automatic;
						TestTargetID = 27F51EF52022B732001085B2;
					};
				};
			};
			buildConfigurationList = 27F51EF12022B731001085B2 /* Build configuration list for PBXProject "Antwice" */;
			compatibilityVersion = "Xcode 8.0";
			developmentRegion = en;
			hasScannedForEncodings = 0;
			knownRegions = (
				en,
				Base,
			);
			mainGroup = 27F51EED2022B730001085B2;
			productRefGroup = 27F51EF72022B733001085B2 /* Products */;
			projectDirPath = "";
			projectRoot = "";
			targets = (
				27F51EF52022B732001085B2 /* Antwice */,
				27F51F0D2022B735001085B2 /* AntwiceTests */,
				27F51F182022B735001085B2 /* AntwiceUITests */,
			);
		};
/* End PBXProject section */

/* Begin PBXResourcesBuildPhase section */
		27F51EF42022B732001085B2 /* Resources */ = {
			isa = PBXResourcesBuildPhase;
			buildActionMask = 2147483647;
			files = (
				27F51F062022B734001085B2 /* LaunchScreen.storyboard in Resources */,
				27F51F032022B734001085B2 /* Assets.xcassets in Resources */,
			);
			runOnlyForDeploymentPostprocessing = 0;
		};
		27F51F0C2022B735001085B2 /* Resources */ = {
			isa = PBXResourcesBuildPhase;
			buildActionMask = 2147483647;
			files = (
			);
			runOnlyForDeploymentPostprocessing = 0;
		};
		27F51F172022B735001085B2 /* Resources */ = {
			isa = PBXResourcesBuildPhase;
			buildActionMask = 2147483647;
			files = (
			);
			runOnlyForDeploymentPostprocessing = 0;
		};
/* End PBXResourcesBuildPhase section */

/* Begin PBXShellScriptBuildPhase section */
		27F29227E65E7411EC0E6908 /* [CP] Check Pods Manifest.lock */ = {
			isa = PBXShellScriptBuildPhase;
			buildActionMask = 2147483647;
			files = (
			);
			inputPaths = (
				"${PODS_PODFILE_DIR_PATH}/Podfile.lock",
				"${PODS_ROOT}/Manifest.lock",
			);
			name = "[CP] Check Pods Manifest.lock";
			outputPaths = (
				"$(DERIVED_FILE_DIR)/Pods-Antwice-checkManifestLockResult.txt",
			);
			runOnlyForDeploymentPostprocessing = 0;
			shellPath = /bin/sh;
			shellScript = "diff \"${PODS_PODFILE_DIR_PATH}/Podfile.lock\" \"${PODS_ROOT}/Manifest.lock\" > /dev/null\nif [ $? != 0 ] ; then\n    # print error to STDERR\n    echo \"error: The sandbox is not in sync with the Podfile.lock. Run 'pod install' or update your CocoaPods installation.\" >&2\n    exit 1\nfi\n# This output is used by Xcode 'outputs' to avoid re-running this script phase.\necho \"SUCCESS\" > \"${SCRIPT_OUTPUT_FILE_0}\"\n";
			showEnvVarsInLog = 0;
		};
		32FF40CF4A72B8371D1F4124 /* [CP] Embed Pods Frameworks */ = {
			isa = PBXShellScriptBuildPhase;
			buildActionMask = 2147483647;
			files = (
			);
			inputPaths = (
			);
			name = "[CP] Embed Pods Frameworks";
			outputPaths = (
			);
			runOnlyForDeploymentPostprocessing = 0;
			shellPath = /bin/sh;
			shellScript = "\"${SRCROOT}/Pods/Target Support Files/Pods-Antwice/Pods-Antwice-frameworks.sh\"\n";
			showEnvVarsInLog = 0;
		};
		41697837FC02854017DE2DED /* [CP] Copy Pods Resources */ = {
			isa = PBXShellScriptBuildPhase;
			buildActionMask = 2147483647;
			files = (
			);
			inputPaths = (
			);
			name = "[CP] Copy Pods Resources";
			outputPaths = (
			);
			runOnlyForDeploymentPostprocessing = 0;
			shellPath = /bin/sh;
			shellScript = "\"${SRCROOT}/Pods/Target Support Files/Pods-Antwice/Pods-Antwice-resources.sh\"\n";
			showEnvVarsInLog = 0;
		};
/* End PBXShellScriptBuildPhase section */

/* Begin PBXSourcesBuildPhase section */
		27F51EF22022B732001085B2 /* Sources */ = {
			isa = PBXSourcesBuildPhase;
			buildActionMask = 2147483647;
			files = (
				27F51F4120231B43001085B2 /* AntNetworkManager.m in Sources */,
				27F51F382022DC8B001085B2 /* AppDelegate+PushService.m in Sources */,
				27F51F092022B735001085B2 /* main.m in Sources */,
				27F51EFB2022B734001085B2 /* AppDelegate.m in Sources */,
				27F51F3E20230ACA001085B2 /* AntNetworkCache.m in Sources */,
				27F51F3B2022E5DF001085B2 /* AntNetworkRequest.m in Sources */,
				27F51F2D2022BE0B001085B2 /* RootViewController.m in Sources */,
			);
			runOnlyForDeploymentPostprocessing = 0;
		};
		27F51F0A2022B735001085B2 /* Sources */ = {
			isa = PBXSourcesBuildPhase;
			buildActionMask = 2147483647;
			files = (
				27F51F132022B735001085B2 /* AntwiceTests.m in Sources */,
			);
			runOnlyForDeploymentPostprocessing = 0;
		};
		27F51F152022B735001085B2 /* Sources */ = {
			isa = PBXSourcesBuildPhase;
			buildActionMask = 2147483647;
			files = (
				27F51F1E2022B736001085B2 /* AntwiceUITests.m in Sources */,
			);
			runOnlyForDeploymentPostprocessing = 0;
		};
/* End PBXSourcesBuildPhase section */

/* Begin PBXTargetDependency section */
		27F51F102022B735001085B2 /* PBXTargetDependency */ = {
			isa = PBXTargetDependency;
			target = 27F51EF52022B732001085B2 /* Antwice */;
			targetProxy = 27F51F0F2022B735001085B2 /* PBXContainerItemProxy */;
		};
		27F51F1B2022B735001085B2 /* PBXTargetDependency */ = {
			isa = PBXTargetDependency;
			target = 27F51EF52022B732001085B2 /* Antwice */;
			targetProxy = 27F51F1A2022B735001085B2 /* PBXContainerItemProxy */;
		};
/* End PBXTargetDependency section */

/* Begin PBXVariantGroup section */
		27F51F042022B734001085B2 /* LaunchScreen.storyboard */ = {
			isa = PBXVariantGroup;
			children = (
				27F51F052022B734001085B2 /* Base */,
			);
			name = LaunchScreen.storyboard;
			sourceTree = "<group>";
		};
/* End PBXVariantGroup section */

/* Begin XCBuildConfiguration section */
		27F51F202022B736001085B2 /* Debug */ = {
			isa = XCBuildConfiguration;
			buildSettings = {
				ALWAYS_SEARCH_USER_PATHS = NO;
				CLANG_ANALYZER_NONNULL = YES;
				CLANG_ANALYZER_NUMBER_OBJECT_CONVERSION = YES_AGGRESSIVE;
				CLANG_CXX_LANGUAGE_STANDARD = "gnu++14";
				CLANG_CXX_LIBRARY = "libc++";
				CLANG_ENABLE_MODULES = YES;
				CLANG_ENABLE_OBJC_ARC = YES;
				CLANG_WARN_BLOCK_CAPTURE_AUTORELEASING = YES;
				CLANG_WARN_BOOL_CONVERSION = YES;
				CLANG_WARN_COMMA = YES;
				CLANG_WARN_CONSTANT_CONVERSION = YES;
				CLANG_WARN_DIRECT_OBJC_ISA_USAGE = YES_ERROR;
				CLANG_WARN_DOCUMENTATION_COMMENTS = YES;
				CLANG_WARN_EMPTY_BODY = YES;
				CLANG_WARN_ENUM_CONVERSION = YES;
				CLANG_WARN_INFINITE_RECURSION = YES;
				CLANG_WARN_INT_CONVERSION = YES;
				CLANG_WARN_NON_LITERAL_NULL_CONVERSION = YES;
				CLANG_WARN_OBJC_LITERAL_CONVERSION = YES;
				CLANG_WARN_OBJC_ROOT_CLASS = YES_ERROR;
				CLANG_WARN_RANGE_LOOP_ANALYSIS = YES;
				CLANG_WARN_STRICT_PROTOTYPES = YES;
				CLANG_WARN_SUSPICIOUS_MOVE = YES;
				CLANG_WARN_UNGUARDED_AVAILABILITY = YES_AGGRESSIVE;
				CLANG_WARN_UNREACHABLE_CODE = YES;
				CLANG_WARN__DUPLICATE_METHOD_MATCH = YES;
				CODE_SIGN_IDENTITY = "iPhone Developer";
				COPY_PHASE_STRIP = NO;
				DEBUG_INFORMATION_FORMAT = dwarf;
				ENABLE_STRICT_OBJC_MSGSEND = YES;
				ENABLE_TESTABILITY = YES;
				GCC_C_LANGUAGE_STANDARD = gnu11;
				GCC_DYNAMIC_NO_PIC = NO;
				GCC_NO_COMMON_BLOCKS = YES;
				GCC_OPTIMIZATION_LEVEL = 0;
				GCC_PREPROCESSOR_DEFINITIONS = (
					"DEBUG=1",
					"$(inherited)",
				);
				GCC_WARN_64_TO_32_BIT_CONVERSION = YES;
				GCC_WARN_ABOUT_RETURN_TYPE = YES_ERROR;
				GCC_WARN_UNDECLARED_SELECTOR = YES;
				GCC_WARN_UNINITIALIZED_AUTOS = YES_AGGRESSIVE;
				GCC_WARN_UNUSED_FUNCTION = YES;
				GCC_WARN_UNUSED_VARIABLE = YES;
				IPHONEOS_DEPLOYMENT_TARGET = 11.2;
				MTL_ENABLE_DEBUG_INFO = YES;
				ONLY_ACTIVE_ARCH = YES;
				SDKROOT = iphoneos;
			};
			name = Debug;
		};
		27F51F212022B736001085B2 /* Release */ = {
			isa = XCBuildConfiguration;
			buildSettings = {
				ALWAYS_SEARCH_USER_PATHS = NO;
				CLANG_ANALYZER_NONNULL = YES;
				CLANG_ANALYZER_NUMBER_OBJECT_CONVERSION = YES_AGGRESSIVE;
				CLANG_CXX_LANGUAGE_STANDARD = "gnu++14";
				CLANG_CXX_LIBRARY = "libc++";
				CLANG_ENABLE_MODULES = YES;
				CLANG_ENABLE_OBJC_ARC = YES;
				CLANG_WARN_BLOCK_CAPTURE_AUTORELEASING = YES;
				CLANG_WARN_BOOL_CONVERSION = YES;
				CLANG_WARN_COMMA = YES;
				CLANG_WARN_CONSTANT_CONVERSION = YES;
				CLANG_WARN_DIRECT_OBJC_ISA_USAGE = YES_ERROR;
				CLANG_WARN_DOCUMENTATION_COMMENTS = YES;
				CLANG_WARN_EMPTY_BODY = YES;
				CLANG_WARN_ENUM_CONVERSION = YES;
				CLANG_WARN_INFINITE_RECURSION = YES;
				CLANG_WARN_INT_CONVERSION = YES;
				CLANG_WARN_NON_LITERAL_NULL_CONVERSION = YES;
				CLANG_WARN_OBJC_LITERAL_CONVERSION = YES;
				CLANG_WARN_OBJC_ROOT_CLASS = YES_ERROR;
				CLANG_WARN_RANGE_LOOP_ANALYSIS = YES;
				CLANG_WARN_STRICT_PROTOTYPES = YES;
				CLANG_WARN_SUSPICIOUS_MOVE = YES;
				CLANG_WARN_UNGUARDED_AVAILABILITY = YES_AGGRESSIVE;
				CLANG_WARN_UNREACHABLE_CODE = YES;
				CLANG_WARN__DUPLICATE_METHOD_MATCH = YES;
				CODE_SIGN_IDENTITY = "iPhone Developer";
				COPY_PHASE_STRIP = NO;
				DEBUG_INFORMATION_FORMAT = "dwarf-with-dsym";
				ENABLE_NS_ASSERTIONS = NO;
				ENABLE_STRICT_OBJC_MSGSEND = YES;
				GCC_C_LANGUAGE_STANDARD = gnu11;
				GCC_NO_COMMON_BLOCKS = YES;
				GCC_WARN_64_TO_32_BIT_CONVERSION = YES;
				GCC_WARN_ABOUT_RETURN_TYPE = YES_ERROR;
				GCC_WARN_UNDECLARED_SELECTOR = YES;
				GCC_WARN_UNINITIALIZED_AUTOS = YES_AGGRESSIVE;
				GCC_WARN_UNUSED_FUNCTION = YES;
				GCC_WARN_UNUSED_VARIABLE = YES;
				IPHONEOS_DEPLOYMENT_TARGET = 11.2;
				MTL_ENABLE_DEBUG_INFO = NO;
				SDKROOT = iphoneos;
				VALIDATE_PRODUCT = YES;
			};
			name = Release;
		};
		27F51F232022B736001085B2 /* Debug */ = {
			isa = XCBuildConfiguration;
			baseConfigurationReference = 1FFACD80D2D603E1D0C26C37 /* Pods-Antwice.debug.xcconfig */;
			buildSettings = {
				ASSETCATALOG_COMPILER_APPICON_NAME = AppIcon;
				CODE_SIGN_STYLE = Automatic;
				INFOPLIST_FILE = Antwice/Info.plist;
				IPHONEOS_DEPLOYMENT_TARGET = 8.0;
				LD_RUNPATH_SEARCH_PATHS = "$(inherited) @executable_path/Frameworks";
				PRODUCT_BUNDLE_IDENTIFIER = com.antwice.Antwice;
				PRODUCT_NAME = "$(TARGET_NAME)";
				TARGETED_DEVICE_FAMILY = 1;
			};
			name = Debug;
		};
		27F51F242022B736001085B2 /* Release */ = {
			isa = XCBuildConfiguration;
			baseConfigurationReference = 33843550F1407BB5EC88B478 /* Pods-Antwice.release.xcconfig */;
			buildSettings = {
				ASSETCATALOG_COMPILER_APPICON_NAME = AppIcon;
				CODE_SIGN_STYLE = Automatic;
				INFOPLIST_FILE = Antwice/Info.plist;
				IPHONEOS_DEPLOYMENT_TARGET = 8.0;
				LD_RUNPATH_SEARCH_PATHS = "$(inherited) @executable_path/Frameworks";
				PRODUCT_BUNDLE_IDENTIFIER = com.antwice.Antwice;
				PRODUCT_NAME = "$(TARGET_NAME)";
				TARGETED_DEVICE_FAMILY = 1;
			};
			name = Release;
		};
		27F51F262022B736001085B2 /* Debug */ = {
			isa = XCBuildConfiguration;
			buildSettings = {
				BUNDLE_LOADER = "$(TEST_HOST)";
				CODE_SIGN_STYLE = Automatic;
				INFOPLIST_FILE = AntwiceTests/Info.plist;
				LD_RUNPATH_SEARCH_PATHS = "$(inherited) @executable_path/Frameworks @loader_path/Frameworks";
				PRODUCT_BUNDLE_IDENTIFIER = com.antwice.AntwiceTests;
				PRODUCT_NAME = "$(TARGET_NAME)";
				TARGETED_DEVICE_FAMILY = "1,2";
				TEST_HOST = "$(BUILT_PRODUCTS_DIR)/Antwice.app/Antwice";
			};
			name = Debug;
		};
		27F51F272022B736001085B2 /* Release */ = {
			isa = XCBuildConfiguration;
			buildSettings = {
				BUNDLE_LOADER = "$(TEST_HOST)";
				CODE_SIGN_STYLE = Automatic;
				INFOPLIST_FILE = AntwiceTests/Info.plist;
				LD_RUNPATH_SEARCH_PATHS = "$(inherited) @executable_path/Frameworks @loader_path/Frameworks";
				PRODUCT_BUNDLE_IDENTIFIER = com.antwice.AntwiceTests;
				PRODUCT_NAME = "$(TARGET_NAME)";
				TARGETED_DEVICE_FAMILY = "1,2";
				TEST_HOST = "$(BUILT_PRODUCTS_DIR)/Antwice.app/Antwice";
			};
			name = Release;
		};
		27F51F292022B736001085B2 /* Debug */ = {
			isa = XCBuildConfiguration;
			buildSettings = {
				CODE_SIGN_STYLE = Automatic;
				INFOPLIST_FILE = AntwiceUITests/Info.plist;
				LD_RUNPATH_SEARCH_PATHS = "$(inherited) @executable_path/Frameworks @loader_path/Frameworks";
				PRODUCT_BUNDLE_IDENTIFIER = com.antwice.AntwiceUITests;
				PRODUCT_NAME = "$(TARGET_NAME)";
				TARGETED_DEVICE_FAMILY = "1,2";
				TEST_TARGET_NAME = Antwice;
			};
			name = Debug;
		};
		27F51F2A2022B736001085B2 /* Release */ = {
			isa = XCBuildConfiguration;
			buildSettings = {
				CODE_SIGN_STYLE = Automatic;
				INFOPLIST_FILE = AntwiceUITests/Info.plist;
				LD_RUNPATH_SEARCH_PATHS = "$(inherited) @executable_path/Frameworks @loader_path/Frameworks";
				PRODUCT_BUNDLE_IDENTIFIER = com.antwice.AntwiceUITests;
				PRODUCT_NAME = "$(TARGET_NAME)";
				TARGETED_DEVICE_FAMILY = "1,2";
				TEST_TARGET_NAME = Antwice;
			};
			name = Release;
		};
/* End XCBuildConfiguration section */

/* Begin XCConfigurationList section */
		27F51EF12022B731001085B2 /* Build configuration list for PBXProject "Antwice" */ = {
			isa = XCConfigurationList;
			buildConfigurations = (
				27F51F202022B736001085B2 /* Debug */,
				27F51F212022B736001085B2 /* Release */,
			);
			defaultConfigurationIsVisible = 0;
			defaultConfigurationName = Release;
		};
		27F51F222022B736001085B2 /* Build configuration list for PBXNativeTarget "Antwice" */ = {
			isa = XCConfigurationList;
			buildConfigurations = (
				27F51F232022B736001085B2 /* Debug */,
				27F51F242022B736001085B2 /* Release */,
			);
			defaultConfigurationIsVisible = 0;
			defaultConfigurationName = Release;
		};
		27F51F252022B736001085B2 /* Build configuration list for PBXNativeTarget "AntwiceTests" */ = {
			isa = XCConfigurationList;
			buildConfigurations = (
				27F51F262022B736001085B2 /* Debug */,
				27F51F272022B736001085B2 /* Release */,
			);
			defaultConfigurationIsVisible = 0;
			defaultConfigurationName = Release;
		};
		27F51F282022B736001085B2 /* Build configuration list for PBXNativeTarget "AntwiceUITests" */ = {
			isa = XCConfigurationList;
			buildConfigurations = (
				27F51F292022B736001085B2 /* Debug */,
				27F51F2A2022B736001085B2 /* Release */,
			);
			defaultConfigurationIsVisible = 0;
			defaultConfigurationName = Release;
		};
/* End XCConfigurationList section */
	};
	rootObject = 27F51EEE2022B731001085B2 /* Project object */;
}
